
Microsoft Visual Studio Solution File, Format Version 12.00
# Visual Studio 15
VisualStudioVersion = 15.0.28307.329
MinimumVisualStudioVersion = 10.0.40219.1
Project("{FAE04EC0-301F-11D3-BF4B-00C04F79EFBC}") = "Kitzbuehel.SkiResort", "Kitzbuehel.SkiResort\Kitzbuehel.SkiResort.csproj", "{F75C47A5-A59D-4AFF-AB19-A2A0C246064B}"
EndProject
Global
	GlobalSection(SolutionConfigurationPlatforms) = preSolution
		Debug|Any CPU = Debug|Any CPU
		Release|Any CPU = Release|Any CPU
	EndGlobalSection
	GlobalSection(ProjectConfigurationPlatforms) = postSolution
		{F75C47A5-A59D-4AFF-AB19-A2A0C246064B}.Debug|Any CPU.ActiveCfg = Debug|Any CPU
		{F75C47A5-A59D-4AFF-AB19-A2A0C246064B}.Debug|Any CPU.Build.0 = Debug|Any CPU
		{F75C47A5-A59D-4AFF-AB19-A2A0C246064B}.Release|Any CPU.ActiveCfg = Release|Any CPU
		{F75C47A5-A59D-4AFF-AB19-A2A0C246064B}.Release|Any CPU.Build.0 = Release|Any CPU
	EndGlobalSection
	GlobalSection(SolutionProperties) = preSolution
		HideSolutionNode = FALSE
	EndGlobalSection
	GlobalSection(ExtensibilityGlobals) = postSolution
		SolutionGuid = {E819A662-A2BC-473E-8CFD-E9626F2DC1D4}
	EndGlobalSection
EndGlobal
